
Microsoft Visual Studio Solution File, Format Version 12.00
# Visual Studio Version 17
VisualStudioVersion = 17.10.35027.167
MinimumVisualStudioVersion = 10.0.40219.1
Project("{FAE04EC0-301F-11D3-BF4B-00C04F79EFBC}") = "DPM225425_NguyenHauHuu_Pattern01_AbstractFactory", "DPM225425_NguyenHauHuu_Pattern01_AbstractFactory\DPM225425_NguyenHauHuu_Pattern01_AbstractFactory.csproj", "{327C597C-DAB3-4EF3-8654-485446DE7356}"
EndProject
Project("{FAE04EC0-301F-11D3-BF4B-00C04F79EFBC}") = "DPM225425_NguyenHauHuu_Real01_AbstractFactory", "DPM225425_NguyenHauHuu_Real01_AbstractFactory\DPM225425_NguyenHauHuu_Real01_AbstractFactory.csproj", "{BFD5D70A-2057-4942-825B-2EF3BF610EC8}"
EndProject
Project("{FAE04EC0-301F-11D3-BF4B-00C04F79EFBC}") = "DPM225425_NguyenHauHuu_MyWorld01_AbstractFactory", "DPM225425_NguyenHauHuu_MyWorld01_AbstractFactory\DPM225425_NguyenHauHuu_MyWorld01_AbstractFactory.csproj", "{18F12BB7-703C-4C5D-B300-63746A9832C9}"
EndProject
Project("{FAE04EC0-301F-11D3-BF4B-00C04F79EFBC}") = "DPM225425_NguyenHauHuu_Pattern01_Builder", "DPM225425_NguyenHauHuu_Pattern01_Builder\DPM225425_NguyenHauHuu_Pattern01_Builder.csproj", "{1B7E02A4-4D4F-4D50-970F-0B79966CD04F}"
EndProject
Global
	GlobalSection(SolutionConfigurationPlatforms) = preSolution
		Debug|Any CPU = Debug|Any CPU
		Release|Any CPU = Release|Any CPU
	EndGlobalSection
	GlobalSection(ProjectConfigurationPlatforms) = postSolution
		{327C597C-DAB3-4EF3-8654-485446DE7356}.Debug|Any CPU.ActiveCfg = Debug|Any CPU
		{327C597C-DAB3-4EF3-8654-485446DE7356}.Debug|Any CPU.Build.0 = Debug|Any CPU
		{327C597C-DAB3-4EF3-8654-485446DE7356}.Release|Any CPU.ActiveCfg = Release|Any CPU
		{327C597C-DAB3-4EF3-8654-485446DE7356}.Release|Any CPU.Build.0 = Release|Any CPU
		{BFD5D70A-2057-4942-825B-2EF3BF610EC8}.Debug|Any CPU.ActiveCfg = Debug|Any CPU
		{BFD5D70A-2057-4942-825B-2EF3BF610EC8}.Debug|Any CPU.Build.0 = Debug|Any CPU
		{BFD5D70A-2057-4942-825B-2EF3BF610EC8}.Release|Any CPU.ActiveCfg = Release|Any CPU
		{BFD5D70A-2057-4942-825B-2EF3BF610EC8}.Release|Any CPU.Build.0 = Release|Any CPU
		{18F12BB7-703C-4C5D-B300-63746A9832C9}.Debug|Any CPU.ActiveCfg = Debug|Any CPU
		{18F12BB7-703C-4C5D-B300-63746A9832C9}.Debug|Any CPU.Build.0 = Debug|Any CPU
		{18F12BB7-703C-4C5D-B300-63746A9832C9}.Release|Any CPU.ActiveCfg = Release|Any CPU
		{18F12BB7-703C-4C5D-B300-63746A9832C9}.Release|Any CPU.Build.0 = Release|Any CPU
		{1B7E02A4-4D4F-4D50-970F-0B79966CD04F}.Debug|Any CPU.ActiveCfg = Debug|Any CPU
		{1B7E02A4-4D4F-4D50-970F-0B79966CD04F}.Debug|Any CPU.Build.0 = Debug|Any CPU
		{1B7E02A4-4D4F-4D50-970F-0B79966CD04F}.Release|Any CPU.ActiveCfg = Release|Any CPU
		{1B7E02A4-4D4F-4D50-970F-0B79966CD04F}.Release|Any CPU.Build.0 = Release|Any CPU
	EndGlobalSection
	GlobalSection(SolutionProperties) = preSolution
		HideSolutionNode = FALSE
	EndGlobalSection
	GlobalSection(ExtensibilityGlobals) = postSolution
		SolutionGuid = {B69F2939-3637-44A3-9C81-9ED11D2F78A1}
	EndGlobalSection
EndGlobal
